# THIS IS AN AUTOGENERATED FILE. DO NOT EDIT THIS FILE DIRECTLY.
# yarn lockfile v1


react-bootstrap-sweetalert@^5.2.0:
  version "5.2.0"
  resolved "https://registry.yarnpkg.com/react-bootstrap-sweetalert/-/react-bootstrap-sweetalert-5.2.0.tgz#a58bc9fa863eaf518a78b6d0716a25f32182d570"
  integrity sha512-7eaKHgDcYfoRUxiYPZuHjygeLa3yDycGWB+Xwr+PWo6h0HDixwfgGXqWBmDYXI4ZQ453BcY77iBWBZhRbnH/6g==
